
Microsoft Visual Studio Solution File, Format Version 12.00
# Visual Studio Version 16
VisualStudioVersion = 16.0.29905.134
MinimumVisualStudioVersion = 10.0.40219.1
Project("{FAE04EC0-301F-11D3-BF4B-00C04F79EFBC}") = "PxgBot", "PxgBot.csproj", "{A664EA40-6C84-4834-B0DC-47FD52D88736}"
EndProject
Global
	GlobalSection(SolutionConfigurationPlatforms) = preSolution
		Debug|Any CPU = Debug|Any CPU
		Release|Any CPU = Release|Any CPU
	EndGlobalSection
	GlobalSection(ProjectConfigurationPlatforms) = postSolution
		{A664EA40-6C84-4834-B0DC-47FD52D88736}.Debug|Any CPU.ActiveCfg = Debug|Any CPU
		{A664EA40-6C84-4834-B0DC-47FD52D88736}.Debug|Any CPU.Build.0 = Debug|Any CPU
		{A664EA40-6C84-4834-B0DC-47FD52D88736}.Release|Any CPU.ActiveCfg = Release|Any CPU
		{A664EA40-6C84-4834-B0DC-47FD52D88736}.Release|Any CPU.Build.0 = Release|Any CPU
	EndGlobalSection
	GlobalSection(SolutionProperties) = preSolution
		HideSolutionNode = FALSE
	EndGlobalSection
	GlobalSection(ExtensibilityGlobals) = postSolution
		SolutionGuid = {4F90651F-67E8-4443-AF02-564A4E0A3D21}
	EndGlobalSection
EndGlobal
